{
  "pins" : [
    {
      "identity" : "auv3support",
      "kind" : "remoteSourceControl",
      "location" : "https://github.com/bradhowes/AUv3Support",
      "state" : {
        "branch" : "main",
        "revision" : "86c251553d00752312d15133cab7ebcf82d3eff5"
      }
    },
    {
      "identity" : "sf2lib",
      "kind" : "remoteSourceControl",
      "location" : "https://github.com/bradhowes/SF2Lib",
      "state" : {
        "branch" : "main",
        "revision" : "f71dcd14744be84e7d8ba4f6adeeab2ec0125fda"
      }
    }
  ],
  "version" : 2
}
