{
  "originHash" : "8f2a0e0ea74e2657f4bcf3f236a02d43f510b5d3818532a3a7bde2d6a55b8e96",
  "pins" : [
    {
      "identity" : "dspheaders",
      "kind" : "remoteSourceControl",
      "location" : "https://github.com/bradhowes/DSPHeaders",
      "state" : {
        "revision" : "b5840aaf73075be77bf506db3fcae4fc7e276021",
        "version" : "1.0.5"
      }
    }
  ],
  "version" : 3
}
